
Microsoft Visual Studio Solution File, Format Version 12.00
# Visual Studio Version 17
VisualStudioVersion = 17.11.35327.3
MinimumVisualStudioVersion = 10.0.40219.1
Project("{9A19103F-16F7-4668-BE54-9A1E7A4F7556}") = "Simulator", "Simulator\Simulator.csproj", "{0C988C94-F0B5-48CF-A29A-8CF0657B6EDC}"
EndProject
Project("{FAE04EC0-301F-11D3-BF4B-00C04F79EFBC}") = "Runner", "Runner\Runner.csproj", "{A36BB8F8-6BCA-46C5-B118-2384C08E72E4}"
EndProject
Project("{FAE04EC0-301F-11D3-BF4B-00C04F79EFBC}") = "TestSimulator", "TestSimulator\TestSimulator.csproj", "{BB7D439A-41CF-49E6-A05C-AE1C65479714}"
EndProject
Global
	GlobalSection(SolutionConfigurationPlatforms) = preSolution
		Debug|Any CPU = Debug|Any CPU
		Release|Any CPU = Release|Any CPU
	EndGlobalSection
	GlobalSection(ProjectConfigurationPlatforms) = postSolution
		{0C988C94-F0B5-48CF-A29A-8CF0657B6EDC}.Debug|Any CPU.ActiveCfg = Debug|Any CPU
		{0C988C94-F0B5-48CF-A29A-8CF0657B6EDC}.Debug|Any CPU.Build.0 = Debug|Any CPU
		{0C988C94-F0B5-48CF-A29A-8CF0657B6EDC}.Release|Any CPU.ActiveCfg = Release|Any CPU
		{0C988C94-F0B5-48CF-A29A-8CF0657B6EDC}.Release|Any CPU.Build.0 = Release|Any CPU
		{A36BB8F8-6BCA-46C5-B118-2384C08E72E4}.Debug|Any CPU.ActiveCfg = Debug|Any CPU
		{A36BB8F8-6BCA-46C5-B118-2384C08E72E4}.Debug|Any CPU.Build.0 = Debug|Any CPU
		{A36BB8F8-6BCA-46C5-B118-2384C08E72E4}.Release|Any CPU.ActiveCfg = Release|Any CPU
		{A36BB8F8-6BCA-46C5-B118-2384C08E72E4}.Release|Any CPU.Build.0 = Release|Any CPU
		{BB7D439A-41CF-49E6-A05C-AE1C65479714}.Debug|Any CPU.ActiveCfg = Debug|Any CPU
		{BB7D439A-41CF-49E6-A05C-AE1C65479714}.Debug|Any CPU.Build.0 = Debug|Any CPU
		{BB7D439A-41CF-49E6-A05C-AE1C65479714}.Release|Any CPU.ActiveCfg = Release|Any CPU
		{BB7D439A-41CF-49E6-A05C-AE1C65479714}.Release|Any CPU.Build.0 = Release|Any CPU
	EndGlobalSection
	GlobalSection(SolutionProperties) = preSolution
		HideSolutionNode = FALSE
	EndGlobalSection
	GlobalSection(ExtensibilityGlobals) = postSolution
		SolutionGuid = {86298D46-587A-4AFB-BE7E-51D8A2D9229B}
	EndGlobalSection
EndGlobal
